// !$*UTF8*$!
{
	archiveVersion = 1;
	classes = {
	};
	objectVersion = 55;
	objects = {

/* Begin PBXBuildFile section */
		3A3303A92784623B00C5D0BB /* PaidCell.swift in Sources */ = {isa = PBXBuildFile; fileRef = 3A3303A72784623B00C5D0BB /* PaidCell.swift */; };
		3A3303AA2784623B00C5D0BB /* PaidCell.xib in Resources */ = {isa = PBXBuildFile; fileRef = 3A3303A82784623B00C5D0BB /* PaidCell.xib */; };
		3A3303AD278464A600C5D0BB /* Constants.swift in Sources */ = {isa = PBXBuildFile; fileRef = 3A3303AC278464A600C5D0BB /* Constants.swift */; };
		3A43128827834E450062C7AE /* AppDelegate.swift in Sources */ = {isa = PBXBuildFile; fileRef = 3A43128727834E450062C7AE /* AppDelegate.swift */; };
		3A43128A27834E450062C7AE /* SceneDelegate.swift in Sources */ = {isa = PBXBuildFile; fileRef = 3A43128927834E450062C7AE /* SceneDelegate.swift */; };
		3A43128C27834E450062C7AE /* ViewController.swift in Sources */ = {isa = PBXBuildFile; fileRef = 3A43128B27834E450062C7AE /* ViewController.swift */; };
		3A43128F27834E450062C7AE /* Main.storyboard in Resources */ = {isa = PBXBuildFile; fileRef = 3A43128D27834E450062C7AE /* Main.storyboard */; };
		3A43129127834E470062C7AE /* Assets.xcassets in Resources */ = {isa = PBXBuildFile; fileRef = 3A43129027834E470062C7AE /* Assets.xcassets */; };
		3A43129427834E470062C7AE /* LaunchScreen.storyboard in Resources */ = {isa = PBXBuildFile; fileRef = 3A43129227834E470062C7AE /* LaunchScreen.storyboard */; };
/* End PBXBuildFile section */

/* Begin PBXFileReference section */
		3A3303A72784623B00C5D0BB /* PaidCell.swift */ = {isa = PBXFileReference; lastKnownFileType = sourcecode.swift; path = PaidCell.swift; sourceTree = "<group>"; };
		3A3303A82784623B00C5D0BB /* PaidCell.xib */ = {isa = PBXFileReference; lastKnownFileType = file.xib; path = PaidCell.xib; sourceTree = "<group>"; };
		3A3303AC278464A600C5D0BB /* Constants.swift */ = {isa = PBXFileReference; lastKnownFileType = sourcecode.swift; path = Constants.swift; sourceTree = "<group>"; };
		3A43128427834E450062C7AE /* whopaid.app */ = {isa = PBXFileReference; explicitFileType = wrapper.application; includeInIndex = 0; path = whopaid.app; sourceTree = BUILT_PRODUCTS_DIR; };
		3A43128727834E450062C7AE /* AppDelegate.swift */ = {isa = PBXFileReference; lastKnownFileType = sourcecode.swift; path = AppDelegate.swift; sourceTree = "<group>"; };
		3A43128927834E450062C7AE /* SceneDelegate.swift */ = {isa = PBXFileReference; lastKnownFileType = sourcecode.swift; path = SceneDelegate.swift; sourceTree = "<group>"; };
		3A43128B27834E450062C7AE /* ViewController.swift */ = {isa = PBXFileReference; lastKnownFileType = sourcecode.swift; path = ViewController.swift; sourceTree = "<group>"; };
		3A43128E27834E450062C7AE /* Base */ = {isa = PBXFileReference; lastKnownFileType = file.storyboard; name = Base; path = Base.lproj/Main.storyboard; sourceTree = "<group>"; };
		3A43129027834E470062C7AE /* Assets.xcassets */ = {isa = PBXFileReference; lastKnownFileType = folder.assetcatalog; path = Assets.xcassets; sourceTree = "<group>"; };
		3A43129327834E470062C7AE /* Base */ = {isa = PBXFileReference; lastKnownFileType = file.storyboard; name = Base; path = Base.lproj/LaunchScreen.storyboard; sourceTree = "<group>"; };
		3A43129527834E470062C7AE /* Info.plist */ = {isa = PBXFileReference; lastKnownFileType = text.plist.xml; name = Info.plist; path = "/Users/euimin/Developer/github/swift/My-first-iOS-app/WIP/whopaid/whopaid/Info.plist"; sourceTree = "<absolute>"; };
/* End PBXFileReference section */

/* Begin PBXFrameworksBuildPhase section */
		3A43128127834E450062C7AE /* Frameworks */ = {
			isa = PBXFrameworksBuildPhase;
			buildActionMask = 2147483647;
			files = (
			);
			runOnlyForDeploymentPostprocessing = 0;
		};
/* End PBXFrameworksBuildPhase section */

/* Begin PBXGroup section */
		3A3303AB2784624B00C5D0BB /* View */ = {
			isa = PBXGroup;
			children = (
				3A43128D27834E450062C7AE /* Main.storyboard */,
				3A3303A82784623B00C5D0BB /* PaidCell.xib */,
			);
			path = View;
			sourceTree = "<group>";
		};
		3A43127B27834E450062C7AE = {
			isa = PBXGroup;
			children = (
				3A43128627834E450062C7AE /* whopaid */,
				3A43128527834E450062C7AE /* Products */,
			);
			sourceTree = "<group>";
		};
		3A43128527834E450062C7AE /* Products */ = {
			isa = PBXGroup;
			children = (
				3A43128427834E450062C7AE /* whopaid.app */,
			);
			name = Products;
			sourceTree = "<group>";
		};
		3A43128627834E450062C7AE /* whopaid */ = {
			isa = PBXGroup;
			children = (
				3A43128727834E450062C7AE /* AppDelegate.swift */,
				3A43128927834E450062C7AE /* SceneDelegate.swift */,
				3A3303A72784623B00C5D0BB /* PaidCell.swift */,
				3A43128B27834E450062C7AE /* ViewController.swift */,
				3A3303AB2784624B00C5D0BB /* View */,
				3A43129027834E470062C7AE /* Assets.xcassets */,
				3A43129227834E470062C7AE /* LaunchScreen.storyboard */,
				3A43129527834E470062C7AE /* Info.plist */,
				3A3303AC278464A600C5D0BB /* Constants.swift */,
			);
			path = whopaid;
			sourceTree = "<group>";
		};
/* End PBXGroup section */

/* Begin PBXNativeTarget section */
		3A43128327834E450062C7AE /* whopaid */ = {
			isa = PBXNativeTarget;
			buildConfigurationList = 3A43129827834E470062C7AE /* Build configuration list for PBXNativeTarget "whopaid" */;
			buildPhases = (
				3A43128027834E450062C7AE /* Sources */,
				3A43128127834E450062C7AE /* Frameworks */,
				3A43128227834E450062C7AE /* Resources */,
			);
			buildRules = (
			);
			dependencies = (
			);
			name = whopaid;
			productName = whopay;
			productReference = 3A43128427834E450062C7AE /* whopaid.app */;
			productType = "com.apple.product-type.application";
		};
/* End PBXNativeTarget section */

/* Begin PBXProject section */
		3A43127C27834E450062C7AE /* Project object */ = {
			isa = PBXProject;
			attributes = {
				BuildIndependentTargetsInParallel = 1;
				LastSwiftUpdateCheck = 1310;
				LastUpgradeCheck = 1310;
				TargetAttributes = {
					3A43128327834E450062C7AE = {
						CreatedOnToolsVersion = 13.1;
					};
				};
			};
			buildConfigurationList = 3A43127F27834E450062C7AE /* Build configuration list for PBXProject "whopaid" */;
			compatibilityVersion = "Xcode 13.0";
			developmentRegion = en;
			hasScannedForEncodings = 0;
			knownRegions = (
				en,
				Base,
			);
			mainGroup = 3A43127B27834E450062C7AE;
			productRefGroup = 3A43128527834E450062C7AE /* Products */;
			projectDirPath = "";
			projectRoot = "";
			targets = (
				3A43128327834E450062C7AE /* whopaid */,
			);
		};
/* End PBXProject section */

/* Begin PBXResourcesBuildPhase section */
		3A43128227834E450062C7AE /* Resources */ = {
			isa = PBXResourcesBuildPhase;
			buildActionMask = 2147483647;
			files = (
				3A43129427834E470062C7AE /* LaunchScreen.storyboard in Resources */,
				3A43129127834E470062C7AE /* Assets.xcassets in Resources */,
				3A43128F27834E450062C7AE /* Main.storyboard in Resources */,
				3A3303AA2784623B00C5D0BB /* PaidCell.xib in Resources */,
			);
			runOnlyForDeploymentPostprocessing = 0;
		};
/* End PBXResourcesBuildPhase section */

/* Begin PBXSourcesBuildPhase section */
		3A43128027834E450062C7AE /* Sources */ = {
			isa = PBXSourcesBuildPhase;
			buildActionMask = 2147483647;
			files = (
				3A3303AD278464A600C5D0BB /* Constants.swift in Sources */,
				3A43128C27834E450062C7AE /* ViewController.swift in Sources */,
				3A43128827834E450062C7AE /* AppDelegate.swift in Sources */,
				3A43128A27834E450062C7AE /* SceneDelegate.swift in Sources */,
				3A3303A92784623B00C5D0BB /* PaidCell.swift in Sources */,
			);
			runOnlyForDeploymentPostprocessing = 0;
		};
/* End PBXSourcesBuildPhase section */

/* Begin PBXVariantGroup section */
		3A43128D27834E450062C7AE /* Main.storyboard */ = {
			isa = PBXVariantGroup;
			children = (
				3A43128E27834E450062C7AE /* Base */,
			);
			name = Main.storyboard;
			sourceTree = "<group>";
		};
		3A43129227834E470062C7AE /* LaunchScreen.storyboard */ = {
			isa = PBXVariantGroup;
			children = (
				3A43129327834E470062C7AE /* Base */,
			);
			name = LaunchScreen.storyboard;
			sourceTree = "<group>";
		};
/* End PBXVariantGroup section */

/* Begin XCBuildConfiguration section */
		3A43129627834E470062C7AE /* Debug */ = {
			isa = XCBuildConfiguration;
			buildSettings = {
				ALWAYS_SEARCH_USER_PATHS = NO;
				CLANG_ANALYZER_NONNULL = YES;
				CLANG_ANALYZER_NUMBER_OBJECT_CONVERSION = YES_AGGRESSIVE;
				CLANG_CXX_LANGUAGE_STANDARD = "gnu++17";
				CLANG_CXX_LIBRARY = "libc++";
				CLANG_ENABLE_MODULES = YES;
				CLANG_ENABLE_OBJC_ARC = YES;
				CLANG_ENABLE_OBJC_WEAK = YES;
				CLANG_WARN_BLOCK_CAPTURE_AUTORELEASING = YES;
				CLANG_WARN_BOOL_CONVERSION = YES;
				CLANG_WARN_COMMA = YES;
				CLANG_WARN_CONSTANT_CONVERSION = YES;
				CLANG_WARN_DEPRECATED_OBJC_IMPLEMENTATIONS = YES;
				CLANG_WARN_DIRECT_OBJC_ISA_USAGE = YES_ERROR;
				CLANG_WARN_DOCUMENTATION_COMMENTS = YES;
				CLANG_WARN_EMPTY_BODY = YES;
				CLANG_WARN_ENUM_CONVERSION = YES;
				CLANG_WARN_INFINITE_RECURSION = YES;
				CLANG_WARN_INT_CONVERSION = YES;
				CLANG_WARN_NON_LITERAL_NULL_CONVERSION = YES;
				CLANG_WARN_OBJC_IMPLICIT_RETAIN_SELF = YES;
				CLANG_WARN_OBJC_LITERAL_CONVERSION = YES;
				CLANG_WARN_OBJC_ROOT_CLASS = YES_ERROR;
				CLANG_WARN_QUOTED_INCLUDE_IN_FRAMEWORK_HEADER = YES;
				CLANG_WARN_RANGE_LOOP_ANALYSIS = YES;
				CLANG_WARN_STRICT_PROTOTYPES = YES;
				CLANG_WARN_SUSPICIOUS_MOVE = YES;
				CLANG_WARN_UNGUARDED_AVAILABILITY = YES_AGGRESSIVE;
				CLANG_WARN_UNREACHABLE_CODE = YES;
				CLANG_WARN__DUPLICATE_METHOD_MATCH = YES;
				COPY_PHASE_STRIP = NO;
				DEBUG_INFORMATION_FORMAT = dwarf;
				ENABLE_STRICT_OBJC_MSGSEND = YES;
				ENABLE_TESTABILITY = YES;
				GCC_C_LANGUAGE_STANDARD = gnu11;
				GCC_DYNAMIC_NO_PIC = NO;
				GCC_NO_COMMON_BLOCKS = YES;
				GCC_OPTIMIZATION_LEVEL = 0;
				GCC_PREPROCESSOR_DEFINITIONS = (
					"DEBUG=1",
					"$(inherited)",
				);
				GCC_WARN_64_TO_32_BIT_CONVERSION = YES;
				GCC_WARN_ABOUT_RETURN_TYPE = YES_ERROR;
				GCC_WARN_UNDECLARED_SELECTOR = YES;
				GCC_WARN_UNINITIALIZED_AUTOS = YES_AGGRESSIVE;
				GCC_WARN_UNUSED_FUNCTION = YES;
				GCC_WARN_UNUSED_VARIABLE = YES;
				IPHONEOS_DEPLOYMENT_TARGET = 15.0;
				MTL_ENABLE_DEBUG_INFO = INCLUDE_SOURCE;
				MTL_FAST_MATH = YES;
				ONLY_ACTIVE_ARCH = YES;
				SDKROOT = iphoneos;
				SWIFT_ACTIVE_COMPILATION_CONDITIONS = DEBUG;
				SWIFT_OPTIMIZATION_LEVEL = "-Onone";
			};
			name = Debug;
		};
		3A43129727834E470062C7AE /* Release */ = {
			isa = XCBuildConfiguration;
			buildSettings = {
				ALWAYS_SEARCH_USER_PATHS = NO;
				CLANG_ANALYZER_NONNULL = YES;
				CLANG_ANALYZER_NUMBER_OBJECT_CONVERSION = YES_AGGRESSIVE;
				CLANG_CXX_LANGUAGE_STANDARD = "gnu++17";
				CLANG_CXX_LIBRARY = "libc++";
				CLANG_ENABLE_MODULES = YES;
				CLANG_ENABLE_OBJC_ARC = YES;
				CLANG_ENABLE_OBJC_WEAK = YES;
				CLANG_WARN_BLOCK_CAPTURE_AUTORELEASING = YES;
				CLANG_WARN_BOOL_CONVERSION = YES;
				CLANG_WARN_COMMA = YES;
				CLANG_WARN_CONSTANT_CONVERSION = YES;
				CLANG_WARN_DEPRECATED_OBJC_IMPLEMENTATIONS = YES;
				CLANG_WARN_DIRECT_OBJC_ISA_USAGE = YES_ERROR;
				CLANG_WARN_DOCUMENTATION_COMMENTS = YES;
				CLANG_WARN_EMPTY_BODY = YES;
				CLANG_WARN_ENUM_CONVERSION = YES;
				CLANG_WARN_INFINITE_RECURSION = YES;
				CLANG_WARN_INT_CONVERSION = YES;
				CLANG_WARN_NON_LITERAL_NULL_CONVERSION = YES;
				CLANG_WARN_OBJC_IMPLICIT_RETAIN_SELF = YES;
				CLANG_WARN_OBJC_LITERAL_CONVERSION = YES;
				CLANG_WARN_OBJC_ROOT_CLASS = YES_ERROR;
				CLANG_WARN_QUOTED_INCLUDE_IN_FRAMEWORK_HEADER = YES;
				CLANG_WARN_RANGE_LOOP_ANALYSIS = YES;
				CLANG_WARN_STRICT_PROTOTYPES = YES;
				CLANG_WARN_SUSPICIOUS_MOVE = YES;
				CLANG_WARN_UNGUARDED_AVAILABILITY = YES_AGGRESSIVE;
				CLANG_WARN_UNREACHABLE_CODE = YES;
				CLANG_WARN__DUPLICATE_METHOD_MATCH = YES;
				COPY_PHASE_STRIP = NO;
				DEBUG_INFORMATION_FORMAT = "dwarf-with-dsym";
				ENABLE_NS_ASSERTIONS = NO;
				ENABLE_STRICT_OBJC_MSGSEND = YES;
				GCC_C_LANGUAGE_STANDARD = gnu11;
				GCC_NO_COMMON_BLOCKS = YES;
				GCC_WARN_64_TO_32_BIT_CONVERSION = YES;
				GCC_WARN_ABOUT_RETURN_TYPE = YES_ERROR;
				GCC_WARN_UNDECLARED_SELECTOR = YES;
				GCC_WARN_UNINITIALIZED_AUTOS = YES_AGGRESSIVE;
				GCC_WARN_UNUSED_FUNCTION = YES;
				GCC_WARN_UNUSED_VARIABLE = YES;
				IPHONEOS_DEPLOYMENT_TARGET = 15.0;
				MTL_ENABLE_DEBUG_INFO = NO;
				MTL_FAST_MATH = YES;
				SDKROOT = iphoneos;
				SWIFT_COMPILATION_MODE = wholemodule;
				SWIFT_OPTIMIZATION_LEVEL = "-O";
				VALIDATE_PRODUCT = YES;
			};
			name = Release;
		};
		3A43129927834E470062C7AE /* Debug */ = {
			isa = XCBuildConfiguration;
			buildSettings = {
				ASSETCATALOG_COMPILER_APPICON_NAME = AppIcon;
				ASSETCATALOG_COMPILER_GLOBAL_ACCENT_COLOR_NAME = AccentColor;
				CODE_SIGN_STYLE = Automatic;
				CURRENT_PROJECT_VERSION = 1;
				DEVELOPMENT_TEAM = 4SA4W967T5;
				GENERATE_INFOPLIST_FILE = YES;
				INFOPLIST_FILE = whopaid/Info.plist;
				INFOPLIST_KEY_UIApplicationSupportsIndirectInputEvents = YES;
				INFOPLIST_KEY_UILaunchStoryboardName = LaunchScreen;
				INFOPLIST_KEY_UIMainStoryboardFile = Main;
				INFOPLIST_KEY_UISupportedInterfaceOrientations_iPad = "UIInterfaceOrientationPortrait UIInterfaceOrientationPortraitUpsideDown UIInterfaceOrientationLandscapeLeft UIInterfaceOrientationLandscapeRight";
				INFOPLIST_KEY_UISupportedInterfaceOrientations_iPhone = "UIInterfaceOrientationPortrait UIInterfaceOrientationLandscapeLeft UIInterfaceOrientationLandscapeRight";
				LD_RUNPATH_SEARCH_PATHS = (
					"$(inherited)",
					"@executable_path/Frameworks",
				);
				MARKETING_VERSION = 1.0;
				PRODUCT_BUNDLE_IDENTIFIER = echung.whopaid;
				PRODUCT_NAME = "$(TARGET_NAME)";
				SWIFT_EMIT_LOC_STRINGS = YES;
				SWIFT_VERSION = 5.0;
				TARGETED_DEVICE_FAMILY = "1,2";
			};
			name = Debug;
		};
		3A43129A27834E470062C7AE /* Release */ = {
			isa = XCBuildConfiguration;
			buildSettings = {
				ASSETCATALOG_COMPILER_APPICON_NAME = AppIcon;
				ASSETCATALOG_COMPILER_GLOBAL_ACCENT_COLOR_NAME = AccentColor;
				CODE_SIGN_STYLE = Automatic;
				CURRENT_PROJECT_VERSION = 1;
				DEVELOPMENT_TEAM = 4SA4W967T5;
				GENERATE_INFOPLIST_FILE = YES;
				INFOPLIST_FILE = whopaid/Info.plist;
				INFOPLIST_KEY_UIApplicationSupportsIndirectInputEvents = YES;
				INFOPLIST_KEY_UILaunchStoryboardName = LaunchScreen;
				INFOPLIST_KEY_UIMainStoryboardFile = Main;
				INFOPLIST_KEY_UISupportedInterfaceOrientations_iPad = "UIInterfaceOrientationPortrait UIInterfaceOrientationPortraitUpsideDown UIInterfaceOrientationLandscapeLeft UIInterfaceOrientationLandscapeRight";
				INFOPLIST_KEY_UISupportedInterfaceOrientations_iPhone = "UIInterfaceOrientationPortrait UIInterfaceOrientationLandscapeLeft UIInterfaceOrientationLandscapeRight";
				LD_RUNPATH_SEARCH_PATHS = (
					"$(inherited)",
					"@executable_path/Frameworks",
				);
				MARKETING_VERSION = 1.0;
				PRODUCT_BUNDLE_IDENTIFIER = echung.whopaid;
				PRODUCT_NAME = "$(TARGET_NAME)";
				SWIFT_EMIT_LOC_STRINGS = YES;
				SWIFT_VERSION = 5.0;
				TARGETED_DEVICE_FAMILY = "1,2";
			};
			name = Release;
		};
/* End XCBuildConfiguration section */

/* Begin XCConfigurationList section */
		3A43127F27834E450062C7AE /* Build configuration list for PBXProject "whopaid" */ = {
			isa = XCConfigurationList;
			buildConfigurations = (
				3A43129627834E470062C7AE /* Debug */,
				3A43129727834E470062C7AE /* Release */,
			);
			defaultConfigurationIsVisible = 0;
			defaultConfigurationName = Release;
		};
		3A43129827834E470062C7AE /* Build configuration list for PBXNativeTarget "whopaid" */ = {
			isa = XCConfigurationList;
			buildConfigurations = (
				3A43129927834E470062C7AE /* Debug */,
				3A43129A27834E470062C7AE /* Release */,
			);
			defaultConfigurationIsVisible = 0;
			defaultConfigurationName = Release;
		};
/* End XCConfigurationList section */
	};
	rootObject = 3A43127C27834E450062C7AE /* Project object */;
}
