// !$*UTF8*$!
{
	archiveVersion = 1;
	classes = {
	};
	objectVersion = 55;
	objects = {

/* Begin PBXBuildFile section */
		124F51691DCC25FD70AD4F17 /* Pods_TableView.framework in Frameworks */ = {isa = PBXBuildFile; fileRef = 678B86A27F52810DC9256C61 /* Pods_TableView.framework */; };
		3A413BB527642EE900192ABF /* MessageCell.swift in Sources */ = {isa = PBXBuildFile; fileRef = 3A413BB327642EE900192ABF /* MessageCell.swift */; };
		3A413BB627642EE900192ABF /* MessageCell.xib in Resources */ = {isa = PBXBuildFile; fileRef = 3A413BB427642EE900192ABF /* MessageCell.xib */; };
		3A413BB8276436FC00192ABF /* Constants.swift in Sources */ = {isa = PBXBuildFile; fileRef = 3A413BB7276436FC00192ABF /* Constants.swift */; };
		3A6572F127639887008E3378 /* AppDelegate.swift in Sources */ = {isa = PBXBuildFile; fileRef = 3A6572F027639887008E3378 /* AppDelegate.swift */; };
		3A6572F327639887008E3378 /* SceneDelegate.swift in Sources */ = {isa = PBXBuildFile; fileRef = 3A6572F227639887008E3378 /* SceneDelegate.swift */; };
		3A6572F527639887008E3378 /* ChatViewController.swift in Sources */ = {isa = PBXBuildFile; fileRef = 3A6572F427639887008E3378 /* ChatViewController.swift */; };
		3A6572F827639887008E3378 /* Main.storyboard in Resources */ = {isa = PBXBuildFile; fileRef = 3A6572F627639887008E3378 /* Main.storyboard */; };
		3A6572FA27639889008E3378 /* Assets.xcassets in Resources */ = {isa = PBXBuildFile; fileRef = 3A6572F927639889008E3378 /* Assets.xcassets */; };
		3A6572FD27639889008E3378 /* LaunchScreen.storyboard in Resources */ = {isa = PBXBuildFile; fileRef = 3A6572FB27639889008E3378 /* LaunchScreen.storyboard */; };
		3A65730527639C18008E3378 /* Message.swift in Sources */ = {isa = PBXBuildFile; fileRef = 3A65730427639C18008E3378 /* Message.swift */; };
		3ABE3396277322B7001CB379 /* GoogleService-Info.plist in Resources */ = {isa = PBXBuildFile; fileRef = 3ABE3395277322B7001CB379 /* GoogleService-Info.plist */; };
		3ABE339A27732C8E001CB379 /* WelcomeViewController.swift in Sources */ = {isa = PBXBuildFile; fileRef = 3ABE339927732C8E001CB379 /* WelcomeViewController.swift */; };
		3ABE339C2773787E001CB379 /* SignUpViewController.swift in Sources */ = {isa = PBXBuildFile; fileRef = 3ABE339B2773787E001CB379 /* SignUpViewController.swift */; };
		3ABE339E2773788B001CB379 /* SignInViewController.swift in Sources */ = {isa = PBXBuildFile; fileRef = 3ABE339D2773788B001CB379 /* SignInViewController.swift */; };
/* End PBXBuildFile section */

/* Begin PBXFileReference section */
		3A413BB327642EE900192ABF /* MessageCell.swift */ = {isa = PBXFileReference; lastKnownFileType = sourcecode.swift; path = MessageCell.swift; sourceTree = "<group>"; };
		3A413BB427642EE900192ABF /* MessageCell.xib */ = {isa = PBXFileReference; lastKnownFileType = file.xib; path = MessageCell.xib; sourceTree = "<group>"; };
		3A413BB7276436FC00192ABF /* Constants.swift */ = {isa = PBXFileReference; lastKnownFileType = sourcecode.swift; path = Constants.swift; sourceTree = "<group>"; };
		3A6572ED27639887008E3378 /* TableView.app */ = {isa = PBXFileReference; explicitFileType = wrapper.application; includeInIndex = 0; path = TableView.app; sourceTree = BUILT_PRODUCTS_DIR; };
		3A6572F027639887008E3378 /* AppDelegate.swift */ = {isa = PBXFileReference; lastKnownFileType = sourcecode.swift; path = AppDelegate.swift; sourceTree = "<group>"; };
		3A6572F227639887008E3378 /* SceneDelegate.swift */ = {isa = PBXFileReference; lastKnownFileType = sourcecode.swift; path = SceneDelegate.swift; sourceTree = "<group>"; };
		3A6572F427639887008E3378 /* ChatViewController.swift */ = {isa = PBXFileReference; lastKnownFileType = sourcecode.swift; path = ChatViewController.swift; sourceTree = "<group>"; };
		3A6572F727639887008E3378 /* Base */ = {isa = PBXFileReference; lastKnownFileType = file.storyboard; name = Base; path = Base.lproj/Main.storyboard; sourceTree = "<group>"; };
		3A6572F927639889008E3378 /* Assets.xcassets */ = {isa = PBXFileReference; lastKnownFileType = folder.assetcatalog; path = Assets.xcassets; sourceTree = "<group>"; };
		3A6572FC27639889008E3378 /* Base */ = {isa = PBXFileReference; lastKnownFileType = file.storyboard; name = Base; path = Base.lproj/LaunchScreen.storyboard; sourceTree = "<group>"; };
		3A6572FE27639889008E3378 /* Info.plist */ = {isa = PBXFileReference; lastKnownFileType = text.plist.xml; path = Info.plist; sourceTree = "<group>"; };
		3A65730427639C18008E3378 /* Message.swift */ = {isa = PBXFileReference; lastKnownFileType = sourcecode.swift; path = Message.swift; sourceTree = "<group>"; };
		3ABE3395277322B7001CB379 /* GoogleService-Info.plist */ = {isa = PBXFileReference; fileEncoding = 4; lastKnownFileType = text.plist.xml; path = "GoogleService-Info.plist"; sourceTree = "<group>"; };
		3ABE339927732C8E001CB379 /* WelcomeViewController.swift */ = {isa = PBXFileReference; lastKnownFileType = sourcecode.swift; path = WelcomeViewController.swift; sourceTree = "<group>"; };
		3ABE339B2773787E001CB379 /* SignUpViewController.swift */ = {isa = PBXFileReference; lastKnownFileType = sourcecode.swift; path = SignUpViewController.swift; sourceTree = "<group>"; };
		3ABE339D2773788B001CB379 /* SignInViewController.swift */ = {isa = PBXFileReference; lastKnownFileType = sourcecode.swift; path = SignInViewController.swift; sourceTree = "<group>"; };
		678B86A27F52810DC9256C61 /* Pods_TableView.framework */ = {isa = PBXFileReference; explicitFileType = wrapper.framework; includeInIndex = 0; path = Pods_TableView.framework; sourceTree = BUILT_PRODUCTS_DIR; };
		8D958248517CED7AA7A2A041 /* Pods-TableView.debug.xcconfig */ = {isa = PBXFileReference; includeInIndex = 1; lastKnownFileType = text.xcconfig; name = "Pods-TableView.debug.xcconfig"; path = "Target Support Files/Pods-TableView/Pods-TableView.debug.xcconfig"; sourceTree = "<group>"; };
		AB574583274B13985288C2EC /* Pods-TableView.release.xcconfig */ = {isa = PBXFileReference; includeInIndex = 1; lastKnownFileType = text.xcconfig; name = "Pods-TableView.release.xcconfig"; path = "Target Support Files/Pods-TableView/Pods-TableView.release.xcconfig"; sourceTree = "<group>"; };
/* End PBXFileReference section */

/* Begin PBXFrameworksBuildPhase section */
		3A6572EA27639887008E3378 /* Frameworks */ = {
			isa = PBXFrameworksBuildPhase;
			buildActionMask = 2147483647;
			files = (
				124F51691DCC25FD70AD4F17 /* Pods_TableView.framework in Frameworks */,
			);
			runOnlyForDeploymentPostprocessing = 0;
		};
/* End PBXFrameworksBuildPhase section */

/* Begin PBXGroup section */
		0DA315D0AB954319E3BCAABB /* Pods */ = {
			isa = PBXGroup;
			children = (
				8D958248517CED7AA7A2A041 /* Pods-TableView.debug.xcconfig */,
				AB574583274B13985288C2EC /* Pods-TableView.release.xcconfig */,
			);
			path = Pods;
			sourceTree = "<group>";
		};
		3A6572E427639887008E3378 = {
			isa = PBXGroup;
			children = (
				3A6572EF27639887008E3378 /* TableView */,
				3A6572EE27639887008E3378 /* Products */,
				0DA315D0AB954319E3BCAABB /* Pods */,
				8D0CE7ED1DC0352B784061F8 /* Frameworks */,
			);
			sourceTree = "<group>";
		};
		3A6572EE27639887008E3378 /* Products */ = {
			isa = PBXGroup;
			children = (
				3A6572ED27639887008E3378 /* TableView.app */,
			);
			name = Products;
			sourceTree = "<group>";
		};
		3A6572EF27639887008E3378 /* TableView */ = {
			isa = PBXGroup;
			children = (
				3A6572F027639887008E3378 /* AppDelegate.swift */,
				3A6572F227639887008E3378 /* SceneDelegate.swift */,
				3A65730627639C20008E3378 /* Model */,
				3A65730727639C2B008E3378 /* View */,
				3A65730827639C3A008E3378 /* Controller */,
				3A6572F927639889008E3378 /* Assets.xcassets */,
				3A6572FB27639889008E3378 /* LaunchScreen.storyboard */,
				3A6572FE27639889008E3378 /* Info.plist */,
				3ABE3395277322B7001CB379 /* GoogleService-Info.plist */,
				3A413BB7276436FC00192ABF /* Constants.swift */,
			);
			path = TableView;
			sourceTree = "<group>";
		};
		3A65730627639C20008E3378 /* Model */ = {
			isa = PBXGroup;
			children = (
				3A65730427639C18008E3378 /* Message.swift */,
			);
			path = Model;
			sourceTree = "<group>";
		};
		3A65730727639C2B008E3378 /* View */ = {
			isa = PBXGroup;
			children = (
				3A6572F627639887008E3378 /* Main.storyboard */,
				3A413BB427642EE900192ABF /* MessageCell.xib */,
				3A413BB327642EE900192ABF /* MessageCell.swift */,
			);
			path = View;
			sourceTree = "<group>";
		};
		3A65730827639C3A008E3378 /* Controller */ = {
			isa = PBXGroup;
			children = (
				3A6572F427639887008E3378 /* ChatViewController.swift */,
				3ABE339927732C8E001CB379 /* WelcomeViewController.swift */,
				3ABE339B2773787E001CB379 /* SignUpViewController.swift */,
				3ABE339D2773788B001CB379 /* SignInViewController.swift */,
			);
			path = Controller;
			sourceTree = "<group>";
		};
		8D0CE7ED1DC0352B784061F8 /* Frameworks */ = {
			isa = PBXGroup;
			children = (
				678B86A27F52810DC9256C61 /* Pods_TableView.framework */,
			);
			name = Frameworks;
			sourceTree = "<group>";
		};
/* End PBXGroup section */

/* Begin PBXNativeTarget section */
		3A6572EC27639887008E3378 /* TableView */ = {
			isa = PBXNativeTarget;
			buildConfigurationList = 3A65730127639889008E3378 /* Build configuration list for PBXNativeTarget "TableView" */;
			buildPhases = (
				E3F494B3C180AEB7BB5D213B /* [CP] Check Pods Manifest.lock */,
				3A6572E927639887008E3378 /* Sources */,
				3A6572EA27639887008E3378 /* Frameworks */,
				3A6572EB27639887008E3378 /* Resources */,
				E6AF31B70FDA667E51BF0FC3 /* [CP] Embed Pods Frameworks */,
			);
			buildRules = (
			);
			dependencies = (
			);
			name = TableView;
			packageProductDependencies = (
			);
			productName = TableView;
			productReference = 3A6572ED27639887008E3378 /* TableView.app */;
			productType = "com.apple.product-type.application";
		};
/* End PBXNativeTarget section */

/* Begin PBXProject section */
		3A6572E527639887008E3378 /* Project object */ = {
			isa = PBXProject;
			attributes = {
				BuildIndependentTargetsInParallel = 1;
				LastSwiftUpdateCheck = 1310;
				LastUpgradeCheck = 1310;
				TargetAttributes = {
					3A6572EC27639887008E3378 = {
						CreatedOnToolsVersion = 13.1;
					};
				};
			};
			buildConfigurationList = 3A6572E827639887008E3378 /* Build configuration list for PBXProject "TableView" */;
			compatibilityVersion = "Xcode 13.0";
			developmentRegion = en;
			hasScannedForEncodings = 0;
			knownRegions = (
				en,
				Base,
			);
			mainGroup = 3A6572E427639887008E3378;
			packageReferences = (
			);
			productRefGroup = 3A6572EE27639887008E3378 /* Products */;
			projectDirPath = "";
			projectRoot = "";
			targets = (
				3A6572EC27639887008E3378 /* TableView */,
			);
		};
/* End PBXProject section */

/* Begin PBXResourcesBuildPhase section */
		3A6572EB27639887008E3378 /* Resources */ = {
			isa = PBXResourcesBuildPhase;
			buildActionMask = 2147483647;
			files = (
				3A6572FD27639889008E3378 /* LaunchScreen.storyboard in Resources */,
				3A413BB627642EE900192ABF /* MessageCell.xib in Resources */,
				3ABE3396277322B7001CB379 /* GoogleService-Info.plist in Resources */,
				3A6572FA27639889008E3378 /* Assets.xcassets in Resources */,
				3A6572F827639887008E3378 /* Main.storyboard in Resources */,
			);
			runOnlyForDeploymentPostprocessing = 0;
		};
/* End PBXResourcesBuildPhase section */

/* Begin PBXShellScriptBuildPhase section */
		E3F494B3C180AEB7BB5D213B /* [CP] Check Pods Manifest.lock */ = {
			isa = PBXShellScriptBuildPhase;
			buildActionMask = 2147483647;
			files = (
			);
			inputFileListPaths = (
			);
			inputPaths = (
				"${PODS_PODFILE_DIR_PATH}/Podfile.lock",
				"${PODS_ROOT}/Manifest.lock",
			);
			name = "[CP] Check Pods Manifest.lock";
			outputFileListPaths = (
			);
			outputPaths = (
				"$(DERIVED_FILE_DIR)/Pods-TableView-checkManifestLockResult.txt",
			);
			runOnlyForDeploymentPostprocessing = 0;
			shellPath = /bin/sh;
			shellScript = "diff \"${PODS_PODFILE_DIR_PATH}/Podfile.lock\" \"${PODS_ROOT}/Manifest.lock\" > /dev/null\nif [ $? != 0 ] ; then\n    # print error to STDERR\n    echo \"error: The sandbox is not in sync with the Podfile.lock. Run 'pod install' or update your CocoaPods installation.\" >&2\n    exit 1\nfi\n# This output is used by Xcode 'outputs' to avoid re-running this script phase.\necho \"SUCCESS\" > \"${SCRIPT_OUTPUT_FILE_0}\"\n";
			showEnvVarsInLog = 0;
		};
		E6AF31B70FDA667E51BF0FC3 /* [CP] Embed Pods Frameworks */ = {
			isa = PBXShellScriptBuildPhase;
			buildActionMask = 2147483647;
			files = (
			);
			inputFileListPaths = (
				"${PODS_ROOT}/Target Support Files/Pods-TableView/Pods-TableView-frameworks-${CONFIGURATION}-input-files.xcfilelist",
			);
			name = "[CP] Embed Pods Frameworks";
			outputFileListPaths = (
				"${PODS_ROOT}/Target Support Files/Pods-TableView/Pods-TableView-frameworks-${CONFIGURATION}-output-files.xcfilelist",
			);
			runOnlyForDeploymentPostprocessing = 0;
			shellPath = /bin/sh;
			shellScript = "\"${PODS_ROOT}/Target Support Files/Pods-TableView/Pods-TableView-frameworks.sh\"\n";
			showEnvVarsInLog = 0;
		};
/* End PBXShellScriptBuildPhase section */

/* Begin PBXSourcesBuildPhase section */
		3A6572E927639887008E3378 /* Sources */ = {
			isa = PBXSourcesBuildPhase;
			buildActionMask = 2147483647;
			files = (
				3A6572F527639887008E3378 /* ChatViewController.swift in Sources */,
				3A413BB527642EE900192ABF /* MessageCell.swift in Sources */,
				3ABE339C2773787E001CB379 /* SignUpViewController.swift in Sources */,
				3A65730527639C18008E3378 /* Message.swift in Sources */,
				3A6572F127639887008E3378 /* AppDelegate.swift in Sources */,
				3ABE339E2773788B001CB379 /* SignInViewController.swift in Sources */,
				3A6572F327639887008E3378 /* SceneDelegate.swift in Sources */,
				3A413BB8276436FC00192ABF /* Constants.swift in Sources */,
				3ABE339A27732C8E001CB379 /* WelcomeViewController.swift in Sources */,
			);
			runOnlyForDeploymentPostprocessing = 0;
		};
/* End PBXSourcesBuildPhase section */

/* Begin PBXVariantGroup section */
		3A6572F627639887008E3378 /* Main.storyboard */ = {
			isa = PBXVariantGroup;
			children = (
				3A6572F727639887008E3378 /* Base */,
			);
			name = Main.storyboard;
			sourceTree = "<group>";
		};
		3A6572FB27639889008E3378 /* LaunchScreen.storyboard */ = {
			isa = PBXVariantGroup;
			children = (
				3A6572FC27639889008E3378 /* Base */,
			);
			name = LaunchScreen.storyboard;
			sourceTree = "<group>";
		};
/* End PBXVariantGroup section */

/* Begin XCBuildConfiguration section */
		3A6572FF27639889008E3378 /* Debug */ = {
			isa = XCBuildConfiguration;
			buildSettings = {
				ALWAYS_SEARCH_USER_PATHS = NO;
				CLANG_ANALYZER_NONNULL = YES;
				CLANG_ANALYZER_NUMBER_OBJECT_CONVERSION = YES_AGGRESSIVE;
				CLANG_CXX_LANGUAGE_STANDARD = "gnu++17";
				CLANG_CXX_LIBRARY = "libc++";
				CLANG_ENABLE_MODULES = YES;
				CLANG_ENABLE_OBJC_ARC = YES;
				CLANG_ENABLE_OBJC_WEAK = YES;
				CLANG_WARN_BLOCK_CAPTURE_AUTORELEASING = YES;
				CLANG_WARN_BOOL_CONVERSION = YES;
				CLANG_WARN_COMMA = YES;
				CLANG_WARN_CONSTANT_CONVERSION = YES;
				CLANG_WARN_DEPRECATED_OBJC_IMPLEMENTATIONS = YES;
				CLANG_WARN_DIRECT_OBJC_ISA_USAGE = YES_ERROR;
				CLANG_WARN_DOCUMENTATION_COMMENTS = YES;
				CLANG_WARN_EMPTY_BODY = YES;
				CLANG_WARN_ENUM_CONVERSION = YES;
				CLANG_WARN_INFINITE_RECURSION = YES;
				CLANG_WARN_INT_CONVERSION = YES;
				CLANG_WARN_NON_LITERAL_NULL_CONVERSION = YES;
				CLANG_WARN_OBJC_IMPLICIT_RETAIN_SELF = YES;
				CLANG_WARN_OBJC_LITERAL_CONVERSION = YES;
				CLANG_WARN_OBJC_ROOT_CLASS = YES_ERROR;
				CLANG_WARN_QUOTED_INCLUDE_IN_FRAMEWORK_HEADER = YES;
				CLANG_WARN_RANGE_LOOP_ANALYSIS = YES;
				CLANG_WARN_STRICT_PROTOTYPES = YES;
				CLANG_WARN_SUSPICIOUS_MOVE = YES;
				CLANG_WARN_UNGUARDED_AVAILABILITY = YES_AGGRESSIVE;
				CLANG_WARN_UNREACHABLE_CODE = YES;
				CLANG_WARN__DUPLICATE_METHOD_MATCH = YES;
				COPY_PHASE_STRIP = NO;
				DEBUG_INFORMATION_FORMAT = dwarf;
				ENABLE_STRICT_OBJC_MSGSEND = YES;
				ENABLE_TESTABILITY = YES;
				GCC_C_LANGUAGE_STANDARD = gnu11;
				GCC_DYNAMIC_NO_PIC = NO;
				GCC_NO_COMMON_BLOCKS = YES;
				GCC_OPTIMIZATION_LEVEL = 0;
				GCC_PREPROCESSOR_DEFINITIONS = (
					"DEBUG=1",
					"$(inherited)",
				);
				GCC_WARN_64_TO_32_BIT_CONVERSION = YES;
				GCC_WARN_ABOUT_RETURN_TYPE = YES_ERROR;
				GCC_WARN_UNDECLARED_SELECTOR = YES;
				GCC_WARN_UNINITIALIZED_AUTOS = YES_AGGRESSIVE;
				GCC_WARN_UNUSED_FUNCTION = YES;
				GCC_WARN_UNUSED_VARIABLE = YES;
				IPHONEOS_DEPLOYMENT_TARGET = 13.0;
				MTL_ENABLE_DEBUG_INFO = INCLUDE_SOURCE;
				MTL_FAST_MATH = YES;
				ONLY_ACTIVE_ARCH = YES;
				SDKROOT = iphoneos;
				SWIFT_ACTIVE_COMPILATION_CONDITIONS = DEBUG;
				SWIFT_OPTIMIZATION_LEVEL = "-Onone";
			};
			name = Debug;
		};
		3A65730027639889008E3378 /* Release */ = {
			isa = XCBuildConfiguration;
			buildSettings = {
				ALWAYS_SEARCH_USER_PATHS = NO;
				CLANG_ANALYZER_NONNULL = YES;
				CLANG_ANALYZER_NUMBER_OBJECT_CONVERSION = YES_AGGRESSIVE;
				CLANG_CXX_LANGUAGE_STANDARD = "gnu++17";
				CLANG_CXX_LIBRARY = "libc++";
				CLANG_ENABLE_MODULES = YES;
				CLANG_ENABLE_OBJC_ARC = YES;
				CLANG_ENABLE_OBJC_WEAK = YES;
				CLANG_WARN_BLOCK_CAPTURE_AUTORELEASING = YES;
				CLANG_WARN_BOOL_CONVERSION = YES;
				CLANG_WARN_COMMA = YES;
				CLANG_WARN_CONSTANT_CONVERSION = YES;
				CLANG_WARN_DEPRECATED_OBJC_IMPLEMENTATIONS = YES;
				CLANG_WARN_DIRECT_OBJC_ISA_USAGE = YES_ERROR;
				CLANG_WARN_DOCUMENTATION_COMMENTS = YES;
				CLANG_WARN_EMPTY_BODY = YES;
				CLANG_WARN_ENUM_CONVERSION = YES;
				CLANG_WARN_INFINITE_RECURSION = YES;
				CLANG_WARN_INT_CONVERSION = YES;
				CLANG_WARN_NON_LITERAL_NULL_CONVERSION = YES;
				CLANG_WARN_OBJC_IMPLICIT_RETAIN_SELF = YES;
				CLANG_WARN_OBJC_LITERAL_CONVERSION = YES;
				CLANG_WARN_OBJC_ROOT_CLASS = YES_ERROR;
				CLANG_WARN_QUOTED_INCLUDE_IN_FRAMEWORK_HEADER = YES;
				CLANG_WARN_RANGE_LOOP_ANALYSIS = YES;
				CLANG_WARN_STRICT_PROTOTYPES = YES;
				CLANG_WARN_SUSPICIOUS_MOVE = YES;
				CLANG_WARN_UNGUARDED_AVAILABILITY = YES_AGGRESSIVE;
				CLANG_WARN_UNREACHABLE_CODE = YES;
				CLANG_WARN__DUPLICATE_METHOD_MATCH = YES;
				COPY_PHASE_STRIP = NO;
				DEBUG_INFORMATION_FORMAT = "dwarf-with-dsym";
				ENABLE_NS_ASSERTIONS = NO;
				ENABLE_STRICT_OBJC_MSGSEND = YES;
				GCC_C_LANGUAGE_STANDARD = gnu11;
				GCC_NO_COMMON_BLOCKS = YES;
				GCC_WARN_64_TO_32_BIT_CONVERSION = YES;
				GCC_WARN_ABOUT_RETURN_TYPE = YES_ERROR;
				GCC_WARN_UNDECLARED_SELECTOR = YES;
				GCC_WARN_UNINITIALIZED_AUTOS = YES_AGGRESSIVE;
				GCC_WARN_UNUSED_FUNCTION = YES;
				GCC_WARN_UNUSED_VARIABLE = YES;
				IPHONEOS_DEPLOYMENT_TARGET = 13.0;
				MTL_ENABLE_DEBUG_INFO = NO;
				MTL_FAST_MATH = YES;
				SDKROOT = iphoneos;
				SWIFT_COMPILATION_MODE = wholemodule;
				SWIFT_OPTIMIZATION_LEVEL = "-O";
				VALIDATE_PRODUCT = YES;
			};
			name = Release;
		};
		3A65730227639889008E3378 /* Debug */ = {
			isa = XCBuildConfiguration;
			baseConfigurationReference = 8D958248517CED7AA7A2A041 /* Pods-TableView.debug.xcconfig */;
			buildSettings = {
				ASSETCATALOG_COMPILER_APPICON_NAME = AppIcon;
				ASSETCATALOG_COMPILER_GLOBAL_ACCENT_COLOR_NAME = AccentColor;
				CODE_SIGN_STYLE = Automatic;
				CURRENT_PROJECT_VERSION = 1;
				DEVELOPMENT_TEAM = "";
				GENERATE_INFOPLIST_FILE = YES;
				INFOPLIST_FILE = TableView/Info.plist;
				INFOPLIST_KEY_UIApplicationSupportsIndirectInputEvents = YES;
				INFOPLIST_KEY_UILaunchStoryboardName = LaunchScreen;
				INFOPLIST_KEY_UIMainStoryboardFile = Main;
				INFOPLIST_KEY_UISupportedInterfaceOrientations_iPad = "UIInterfaceOrientationPortrait UIInterfaceOrientationPortraitUpsideDown UIInterfaceOrientationLandscapeLeft UIInterfaceOrientationLandscapeRight";
				INFOPLIST_KEY_UISupportedInterfaceOrientations_iPhone = "UIInterfaceOrientationPortrait UIInterfaceOrientationLandscapeLeft UIInterfaceOrientationLandscapeRight";
				IPHONEOS_DEPLOYMENT_TARGET = 13.0;
				LD_RUNPATH_SEARCH_PATHS = (
					"$(inherited)",
					"@executable_path/Frameworks",
				);
				MARKETING_VERSION = 1.0;
				PRODUCT_BUNDLE_IDENTIFIER = com.euimin.TableView;
				PRODUCT_NAME = "$(TARGET_NAME)";
				SWIFT_EMIT_LOC_STRINGS = YES;
				SWIFT_VERSION = 5.0;
				TARGETED_DEVICE_FAMILY = 1;
			};
			name = Debug;
		};
		3A65730327639889008E3378 /* Release */ = {
			isa = XCBuildConfiguration;
			baseConfigurationReference = AB574583274B13985288C2EC /* Pods-TableView.release.xcconfig */;
			buildSettings = {
				ASSETCATALOG_COMPILER_APPICON_NAME = AppIcon;
				ASSETCATALOG_COMPILER_GLOBAL_ACCENT_COLOR_NAME = AccentColor;
				CODE_SIGN_STYLE = Automatic;
				CURRENT_PROJECT_VERSION = 1;
				DEVELOPMENT_TEAM = "";
				GENERATE_INFOPLIST_FILE = YES;
				INFOPLIST_FILE = TableView/Info.plist;
				INFOPLIST_KEY_UIApplicationSupportsIndirectInputEvents = YES;
				INFOPLIST_KEY_UILaunchStoryboardName = LaunchScreen;
				INFOPLIST_KEY_UIMainStoryboardFile = Main;
				INFOPLIST_KEY_UISupportedInterfaceOrientations_iPad = "UIInterfaceOrientationPortrait UIInterfaceOrientationPortraitUpsideDown UIInterfaceOrientationLandscapeLeft UIInterfaceOrientationLandscapeRight";
				INFOPLIST_KEY_UISupportedInterfaceOrientations_iPhone = "UIInterfaceOrientationPortrait UIInterfaceOrientationLandscapeLeft UIInterfaceOrientationLandscapeRight";
				IPHONEOS_DEPLOYMENT_TARGET = 13.0;
				LD_RUNPATH_SEARCH_PATHS = (
					"$(inherited)",
					"@executable_path/Frameworks",
				);
				MARKETING_VERSION = 1.0;
				PRODUCT_BUNDLE_IDENTIFIER = com.euimin.TableView;
				PRODUCT_NAME = "$(TARGET_NAME)";
				SWIFT_EMIT_LOC_STRINGS = YES;
				SWIFT_VERSION = 5.0;
				TARGETED_DEVICE_FAMILY = 1;
			};
			name = Release;
		};
/* End XCBuildConfiguration section */

/* Begin XCConfigurationList section */
		3A6572E827639887008E3378 /* Build configuration list for PBXProject "TableView" */ = {
			isa = XCConfigurationList;
			buildConfigurations = (
				3A6572FF27639889008E3378 /* Debug */,
				3A65730027639889008E3378 /* Release */,
			);
			defaultConfigurationIsVisible = 0;
			defaultConfigurationName = Release;
		};
		3A65730127639889008E3378 /* Build configuration list for PBXNativeTarget "TableView" */ = {
			isa = XCConfigurationList;
			buildConfigurations = (
				3A65730227639889008E3378 /* Debug */,
				3A65730327639889008E3378 /* Release */,
			);
			defaultConfigurationIsVisible = 0;
			defaultConfigurationName = Release;
		};
/* End XCConfigurationList section */
	};
	rootObject = 3A6572E527639887008E3378 /* Project object */;
}
